// !$*UTF8*$!
{
	archiveVersion = 1;
	classes = {
	};
	objectVersion = 56;
	objects = {

/* Begin PBXBuildFile section */
		99A7488329B64BAB00C1E168 /* DetailEditView.swift in Sources */ = {isa = PBXBuildFile; fileRef = 99A7488229B64BAB00C1E168 /* DetailEditView.swift */; };
		99BE4ABA29AABCDD00441BDA /* AgileRobotApp.swift in Sources */ = {isa = PBXBuildFile; fileRef = 99BE4AB929AABCDD00441BDA /* AgileRobotApp.swift */; };
		99BE4ABC29AABCDD00441BDA /* ScrumView.swift in Sources */ = {isa = PBXBuildFile; fileRef = 99BE4ABB29AABCDD00441BDA /* ScrumView.swift */; };
		99BE4ABE29AABCDE00441BDA /* Assets.xcassets in Resources */ = {isa = PBXBuildFile; fileRef = 99BE4ABD29AABCDE00441BDA /* Assets.xcassets */; };
		99BE4AC129AABCDE00441BDA /* Preview Assets.xcassets in Resources */ = {isa = PBXBuildFile; fileRef = 99BE4AC029AABCDE00441BDA /* Preview Assets.xcassets */; };
		99BE4ACB29AABCDE00441BDA /* AgileRobotTests.swift in Sources */ = {isa = PBXBuildFile; fileRef = 99BE4ACA29AABCDE00441BDA /* AgileRobotTests.swift */; };
		99BE4AD529AABCDE00441BDA /* AgileRobotUITests.swift in Sources */ = {isa = PBXBuildFile; fileRef = 99BE4AD429AABCDE00441BDA /* AgileRobotUITests.swift */; };
		99BE4AD729AABCDE00441BDA /* AgileRobotUITestsLaunchTests.swift in Sources */ = {isa = PBXBuildFile; fileRef = 99BE4AD629AABCDE00441BDA /* AgileRobotUITestsLaunchTests.swift */; };
		99BE4AE529AD165300441BDA /* Theme.swift in Sources */ = {isa = PBXBuildFile; fileRef = 99BE4AE429AD165300441BDA /* Theme.swift */; };
		99BE4AE729AD18F300441BDA /* DailyScrum.swift in Sources */ = {isa = PBXBuildFile; fileRef = 99BE4AE629AD18F300441BDA /* DailyScrum.swift */; };
		99BE4AE929AD1DEF00441BDA /* CardView.swift in Sources */ = {isa = PBXBuildFile; fileRef = 99BE4AE829AD1DEF00441BDA /* CardView.swift */; };
		99BE4AEB29AD2A6E00441BDA /* TrailingIconLabelStyle.swift in Sources */ = {isa = PBXBuildFile; fileRef = 99BE4AEA29AD2A6E00441BDA /* TrailingIconLabelStyle.swift */; };
		99BE4AED29AE54B000441BDA /* ScrumsView.swift in Sources */ = {isa = PBXBuildFile; fileRef = 99BE4AEC29AE54B000441BDA /* ScrumsView.swift */; };
		99BE4AF129B0E79400441BDA /* DetailView.swift in Sources */ = {isa = PBXBuildFile; fileRef = 99BE4AF029B0E79400441BDA /* DetailView.swift */; };
/* End PBXBuildFile section */

/* Begin PBXContainerItemProxy section */
		99BE4AC729AABCDE00441BDA /* PBXContainerItemProxy */ = {
			isa = PBXContainerItemProxy;
			containerPortal = 99BE4AAE29AABCDD00441BDA /* Project object */;
			proxyType = 1;
			remoteGlobalIDString = 99BE4AB529AABCDD00441BDA;
			remoteInfo = AgileRobot;
		};
		99BE4AD129AABCDE00441BDA /* PBXContainerItemProxy */ = {
			isa = PBXContainerItemProxy;
			containerPortal = 99BE4AAE29AABCDD00441BDA /* Project object */;
			proxyType = 1;
			remoteGlobalIDString = 99BE4AB529AABCDD00441BDA;
			remoteInfo = AgileRobot;
		};
/* End PBXContainerItemProxy section */

/* Begin PBXFileReference section */
		99A7488229B64BAB00C1E168 /* DetailEditView.swift */ = {isa = PBXFileReference; lastKnownFileType = sourcecode.swift; path = DetailEditView.swift; sourceTree = "<group>"; };
		99BE4AB629AABCDD00441BDA /* AgileRobot.app */ = {isa = PBXFileReference; explicitFileType = wrapper.application; includeInIndex = 0; path = AgileRobot.app; sourceTree = BUILT_PRODUCTS_DIR; };
		99BE4AB929AABCDD00441BDA /* AgileRobotApp.swift */ = {isa = PBXFileReference; lastKnownFileType = sourcecode.swift; path = AgileRobotApp.swift; sourceTree = "<group>"; };
		99BE4ABB29AABCDD00441BDA /* ScrumView.swift */ = {isa = PBXFileReference; lastKnownFileType = sourcecode.swift; path = ScrumView.swift; sourceTree = "<group>"; };
		99BE4ABD29AABCDE00441BDA /* Assets.xcassets */ = {isa = PBXFileReference; lastKnownFileType = folder.assetcatalog; path = Assets.xcassets; sourceTree = "<group>"; };
		99BE4AC029AABCDE00441BDA /* Preview Assets.xcassets */ = {isa = PBXFileReference; lastKnownFileType = folder.assetcatalog; path = "Preview Assets.xcassets"; sourceTree = "<group>"; };
		99BE4AC629AABCDE00441BDA /* AgileRobotTests.xctest */ = {isa = PBXFileReference; explicitFileType = wrapper.cfbundle; includeInIndex = 0; path = AgileRobotTests.xctest; sourceTree = BUILT_PRODUCTS_DIR; };
		99BE4ACA29AABCDE00441BDA /* AgileRobotTests.swift */ = {isa = PBXFileReference; lastKnownFileType = sourcecode.swift; path = AgileRobotTests.swift; sourceTree = "<group>"; };
		99BE4AD029AABCDE00441BDA /* AgileRobotUITests.xctest */ = {isa = PBXFileReference; explicitFileType = wrapper.cfbundle; includeInIndex = 0; path = AgileRobotUITests.xctest; sourceTree = BUILT_PRODUCTS_DIR; };
		99BE4AD429AABCDE00441BDA /* AgileRobotUITests.swift */ = {isa = PBXFileReference; lastKnownFileType = sourcecode.swift; path = AgileRobotUITests.swift; sourceTree = "<group>"; };
		99BE4AD629AABCDE00441BDA /* AgileRobotUITestsLaunchTests.swift */ = {isa = PBXFileReference; lastKnownFileType = sourcecode.swift; path = AgileRobotUITestsLaunchTests.swift; sourceTree = "<group>"; };
		99BE4AE429AD165300441BDA /* Theme.swift */ = {isa = PBXFileReference; lastKnownFileType = sourcecode.swift; path = Theme.swift; sourceTree = "<group>"; };
		99BE4AE629AD18F300441BDA /* DailyScrum.swift */ = {isa = PBXFileReference; lastKnownFileType = sourcecode.swift; path = DailyScrum.swift; sourceTree = "<group>"; };
		99BE4AE829AD1DEF00441BDA /* CardView.swift */ = {isa = PBXFileReference; lastKnownFileType = sourcecode.swift; path = CardView.swift; sourceTree = "<group>"; };
		99BE4AEA29AD2A6E00441BDA /* TrailingIconLabelStyle.swift */ = {isa = PBXFileReference; lastKnownFileType = sourcecode.swift; path = TrailingIconLabelStyle.swift; sourceTree = "<group>"; };
		99BE4AEC29AE54B000441BDA /* ScrumsView.swift */ = {isa = PBXFileReference; lastKnownFileType = sourcecode.swift; path = ScrumsView.swift; sourceTree = "<group>"; };
		99BE4AF029B0E79400441BDA /* DetailView.swift */ = {isa = PBXFileReference; lastKnownFileType = sourcecode.swift; path = DetailView.swift; sourceTree = "<group>"; };
/* End PBXFileReference section */

/* Begin PBXFrameworksBuildPhase section */
		99BE4AB329AABCDD00441BDA /* Frameworks */ = {
			isa = PBXFrameworksBuildPhase;
			buildActionMask = 2147483647;
			files = (
			);
			runOnlyForDeploymentPostprocessing = 0;
		};
		99BE4AC329AABCDE00441BDA /* Frameworks */ = {
			isa = PBXFrameworksBuildPhase;
			buildActionMask = 2147483647;
			files = (
			);
			runOnlyForDeploymentPostprocessing = 0;
		};
		99BE4ACD29AABCDE00441BDA /* Frameworks */ = {
			isa = PBXFrameworksBuildPhase;
			buildActionMask = 2147483647;
			files = (
			);
			runOnlyForDeploymentPostprocessing = 0;
		};
/* End PBXFrameworksBuildPhase section */

/* Begin PBXGroup section */
		99BE4AAD29AABCDD00441BDA = {
			isa = PBXGroup;
			children = (
				99BE4AB829AABCDD00441BDA /* AgileRobot */,
				99BE4AC929AABCDE00441BDA /* AgileRobotTests */,
				99BE4AD329AABCDE00441BDA /* AgileRobotUITests */,
				99BE4AB729AABCDD00441BDA /* Products */,
			);
			sourceTree = "<group>";
		};
		99BE4AB729AABCDD00441BDA /* Products */ = {
			isa = PBXGroup;
			children = (
				99BE4AB629AABCDD00441BDA /* AgileRobot.app */,
				99BE4AC629AABCDE00441BDA /* AgileRobotTests.xctest */,
				99BE4AD029AABCDE00441BDA /* AgileRobotUITests.xctest */,
			);
			name = Products;
			sourceTree = "<group>";
		};
		99BE4AB829AABCDD00441BDA /* AgileRobot */ = {
			isa = PBXGroup;
			children = (
				99BE4AE329AD164400441BDA /* Models */,
				99BE4AB929AABCDD00441BDA /* AgileRobotApp.swift */,
				99BE4AEC29AE54B000441BDA /* ScrumsView.swift */,
				99BE4ABB29AABCDD00441BDA /* ScrumView.swift */,
				99BE4AE829AD1DEF00441BDA /* CardView.swift */,
				99BE4AF029B0E79400441BDA /* DetailView.swift */,
				99A7488229B64BAB00C1E168 /* DetailEditView.swift */,
				99BE4AEA29AD2A6E00441BDA /* TrailingIconLabelStyle.swift */,
				99BE4ABD29AABCDE00441BDA /* Assets.xcassets */,
				99BE4ABF29AABCDE00441BDA /* Preview Content */,
			);
			path = AgileRobot;
			sourceTree = "<group>";
		};
		99BE4ABF29AABCDE00441BDA /* Preview Content */ = {
			isa = PBXGroup;
			children = (
				99BE4AC029AABCDE00441BDA /* Preview Assets.xcassets */,
			);
			path = "Preview Content";
			sourceTree = "<group>";
		};
		99BE4AC929AABCDE00441BDA /* AgileRobotTests */ = {
			isa = PBXGroup;
			children = (
				99BE4ACA29AABCDE00441BDA /* AgileRobotTests.swift */,
			);
			path = AgileRobotTests;
			sourceTree = "<group>";
		};
		99BE4AD329AABCDE00441BDA /* AgileRobotUITests */ = {
			isa = PBXGroup;
			children = (
				99BE4AD429AABCDE00441BDA /* AgileRobotUITests.swift */,
				99BE4AD629AABCDE00441BDA /* AgileRobotUITestsLaunchTests.swift */,
			);
			path = AgileRobotUITests;
			sourceTree = "<group>";
		};
		99BE4AE329AD164400441BDA /* Models */ = {
			isa = PBXGroup;
			children = (
				99BE4AE629AD18F300441BDA /* DailyScrum.swift */,
				99BE4AE429AD165300441BDA /* Theme.swift */,
			);
			path = Models;
			sourceTree = "<group>";
		};
/* End PBXGroup section */

/* Begin PBXNativeTarget section */
		99BE4AB529AABCDD00441BDA /* AgileRobot */ = {
			isa = PBXNativeTarget;
			buildConfigurationList = 99BE4ADA29AABCDE00441BDA /* Build configuration list for PBXNativeTarget "AgileRobot" */;
			buildPhases = (
				99BE4AB229AABCDD00441BDA /* Sources */,
				99BE4AB329AABCDD00441BDA /* Frameworks */,
				99BE4AB429AABCDD00441BDA /* Resources */,
			);
			buildRules = (
			);
			dependencies = (
			);
			name = AgileRobot;
			productName = AgileRobot;
			productReference = 99BE4AB629AABCDD00441BDA /* AgileRobot.app */;
			productType = "com.apple.product-type.application";
		};
		99BE4AC529AABCDE00441BDA /* AgileRobotTests */ = {
			isa = PBXNativeTarget;
			buildConfigurationList = 99BE4ADD29AABCDE00441BDA /* Build configuration list for PBXNativeTarget "AgileRobotTests" */;
			buildPhases = (
				99BE4AC229AABCDE00441BDA /* Sources */,
				99BE4AC329AABCDE00441BDA /* Frameworks */,
				99BE4AC429AABCDE00441BDA /* Resources */,
			);
			buildRules = (
			);
			dependencies = (
				99BE4AC829AABCDE00441BDA /* PBXTargetDependency */,
			);
			name = AgileRobotTests;
			productName = AgileRobotTests;
			productReference = 99BE4AC629AABCDE00441BDA /* AgileRobotTests.xctest */;
			productType = "com.apple.product-type.bundle.unit-test";
		};
		99BE4ACF29AABCDE00441BDA /* AgileRobotUITests */ = {
			isa = PBXNativeTarget;
			buildConfigurationList = 99BE4AE029AABCDE00441BDA /* Build configuration list for PBXNativeTarget "AgileRobotUITests" */;
			buildPhases = (
				99BE4ACC29AABCDE00441BDA /* Sources */,
				99BE4ACD29AABCDE00441BDA /* Frameworks */,
				99BE4ACE29AABCDE00441BDA /* Resources */,
			);
			buildRules = (
			);
			dependencies = (
				99BE4AD229AABCDE00441BDA /* PBXTargetDependency */,
			);
			name = AgileRobotUITests;
			productName = AgileRobotUITests;
			productReference = 99BE4AD029AABCDE00441BDA /* AgileRobotUITests.xctest */;
			productType = "com.apple.product-type.bundle.ui-testing";
		};
/* End PBXNativeTarget section */

/* Begin PBXProject section */
		99BE4AAE29AABCDD00441BDA /* Project object */ = {
			isa = PBXProject;
			attributes = {
				BuildIndependentTargetsInParallel = 1;
				LastSwiftUpdateCheck = 1420;
				LastUpgradeCheck = 1420;
				TargetAttributes = {
					99BE4AB529AABCDD00441BDA = {
						CreatedOnToolsVersion = 14.2;
					};
					99BE4AC529AABCDE00441BDA = {
						CreatedOnToolsVersion = 14.2;
						TestTargetID = 99BE4AB529AABCDD00441BDA;
					};
					99BE4ACF29AABCDE00441BDA = {
						CreatedOnToolsVersion = 14.2;
						TestTargetID = 99BE4AB529AABCDD00441BDA;
					};
				};
			};
			buildConfigurationList = 99BE4AB129AABCDD00441BDA /* Build configuration list for PBXProject "AgileRobot" */;
			compatibilityVersion = "Xcode 14.0";
			developmentRegion = en;
			hasScannedForEncodings = 0;
			knownRegions = (
				en,
				Base,
			);
			mainGroup = 99BE4AAD29AABCDD00441BDA;
			productRefGroup = 99BE4AB729AABCDD00441BDA /* Products */;
			projectDirPath = "";
			projectRoot = "";
			targets = (
				99BE4AB529AABCDD00441BDA /* AgileRobot */,
				99BE4AC529AABCDE00441BDA /* AgileRobotTests */,
				99BE4ACF29AABCDE00441BDA /* AgileRobotUITests */,
			);
		};
/* End PBXProject section */

/* Begin PBXResourcesBuildPhase section */
		99BE4AB429AABCDD00441BDA /* Resources */ = {
			isa = PBXResourcesBuildPhase;
			buildActionMask = 2147483647;
			files = (
				99BE4AC129AABCDE00441BDA /* Preview Assets.xcassets in Resources */,
				99BE4ABE29AABCDE00441BDA /* Assets.xcassets in Resources */,
			);
			runOnlyForDeploymentPostprocessing = 0;
		};
		99BE4AC429AABCDE00441BDA /* Resources */ = {
			isa = PBXResourcesBuildPhase;
			buildActionMask = 2147483647;
			files = (
			);
			runOnlyForDeploymentPostprocessing = 0;
		};
		99BE4ACE29AABCDE00441BDA /* Resources */ = {
			isa = PBXResourcesBuildPhase;
			buildActionMask = 2147483647;
			files = (
			);
			runOnlyForDeploymentPostprocessing = 0;
		};
/* End PBXResourcesBuildPhase section */

/* Begin PBXSourcesBuildPhase section */
		99BE4AB229AABCDD00441BDA /* Sources */ = {
			isa = PBXSourcesBuildPhase;
			buildActionMask = 2147483647;
			files = (
				99BE4AE729AD18F300441BDA /* DailyScrum.swift in Sources */,
				99BE4AF129B0E79400441BDA /* DetailView.swift in Sources */,
				99A7488329B64BAB00C1E168 /* DetailEditView.swift in Sources */,
				99BE4AEB29AD2A6E00441BDA /* TrailingIconLabelStyle.swift in Sources */,
				99BE4AE529AD165300441BDA /* Theme.swift in Sources */,
				99BE4AED29AE54B000441BDA /* ScrumsView.swift in Sources */,
				99BE4ABC29AABCDD00441BDA /* ScrumView.swift in Sources */,
				99BE4ABA29AABCDD00441BDA /* AgileRobotApp.swift in Sources */,
				99BE4AE929AD1DEF00441BDA /* CardView.swift in Sources */,
			);
			runOnlyForDeploymentPostprocessing = 0;
		};
		99BE4AC229AABCDE00441BDA /* Sources */ = {
			isa = PBXSourcesBuildPhase;
			buildActionMask = 2147483647;
			files = (
				99BE4ACB29AABCDE00441BDA /* AgileRobotTests.swift in Sources */,
			);
			runOnlyForDeploymentPostprocessing = 0;
		};
		99BE4ACC29AABCDE00441BDA /* Sources */ = {
			isa = PBXSourcesBuildPhase;
			buildActionMask = 2147483647;
			files = (
				99BE4AD729AABCDE00441BDA /* AgileRobotUITestsLaunchTests.swift in Sources */,
				99BE4AD529AABCDE00441BDA /* AgileRobotUITests.swift in Sources */,
			);
			runOnlyForDeploymentPostprocessing = 0;
		};
/* End PBXSourcesBuildPhase section */

/* Begin PBXTargetDependency section */
		99BE4AC829AABCDE00441BDA /* PBXTargetDependency */ = {
			isa = PBXTargetDependency;
			target = 99BE4AB529AABCDD00441BDA /* AgileRobot */;
			targetProxy = 99BE4AC729AABCDE00441BDA /* PBXContainerItemProxy */;
		};
		99BE4AD229AABCDE00441BDA /* PBXTargetDependency */ = {
			isa = PBXTargetDependency;
			target = 99BE4AB529AABCDD00441BDA /* AgileRobot */;
			targetProxy = 99BE4AD129AABCDE00441BDA /* PBXContainerItemProxy */;
		};
/* End PBXTargetDependency section */

/* Begin XCBuildConfiguration section */
		99BE4AD829AABCDE00441BDA /* Debug */ = {
			isa = XCBuildConfiguration;
			buildSettings = {
				ALWAYS_SEARCH_USER_PATHS = NO;
				CLANG_ANALYZER_NONNULL = YES;
				CLANG_ANALYZER_NUMBER_OBJECT_CONVERSION = YES_AGGRESSIVE;
				CLANG_CXX_LANGUAGE_STANDARD = "gnu++20";
				CLANG_ENABLE_MODULES = YES;
				CLANG_ENABLE_OBJC_ARC = YES;
				CLANG_ENABLE_OBJC_WEAK = YES;
				CLANG_WARN_BLOCK_CAPTURE_AUTORELEASING = YES;
				CLANG_WARN_BOOL_CONVERSION = YES;
				CLANG_WARN_COMMA = YES;
				CLANG_WARN_CONSTANT_CONVERSION = YES;
				CLANG_WARN_DEPRECATED_OBJC_IMPLEMENTATIONS = YES;
				CLANG_WARN_DIRECT_OBJC_ISA_USAGE = YES_ERROR;
				CLANG_WARN_DOCUMENTATION_COMMENTS = YES;
				CLANG_WARN_EMPTY_BODY = YES;
				CLANG_WARN_ENUM_CONVERSION = YES;
				CLANG_WARN_INFINITE_RECURSION = YES;
				CLANG_WARN_INT_CONVERSION = YES;
				CLANG_WARN_NON_LITERAL_NULL_CONVERSION = YES;
				CLANG_WARN_OBJC_IMPLICIT_RETAIN_SELF = YES;
				CLANG_WARN_OBJC_LITERAL_CONVERSION = YES;
				CLANG_WARN_OBJC_ROOT_CLASS = YES_ERROR;
				CLANG_WARN_QUOTED_INCLUDE_IN_FRAMEWORK_HEADER = YES;
				CLANG_WARN_RANGE_LOOP_ANALYSIS = YES;
				CLANG_WARN_STRICT_PROTOTYPES = YES;
				CLANG_WARN_SUSPICIOUS_MOVE = YES;
				CLANG_WARN_UNGUARDED_AVAILABILITY = YES_AGGRESSIVE;
				CLANG_WARN_UNREACHABLE_CODE = YES;
				CLANG_WARN__DUPLICATE_METHOD_MATCH = YES;
				COPY_PHASE_STRIP = NO;
				DEBUG_INFORMATION_FORMAT = dwarf;
				ENABLE_STRICT_OBJC_MSGSEND = YES;
				ENABLE_TESTABILITY = YES;
				GCC_C_LANGUAGE_STANDARD = gnu11;
				GCC_DYNAMIC_NO_PIC = NO;
				GCC_NO_COMMON_BLOCKS = YES;
				GCC_OPTIMIZATION_LEVEL = 0;
				GCC_PREPROCESSOR_DEFINITIONS = (
					"DEBUG=1",
					"$(inherited)",
				);
				GCC_WARN_64_TO_32_BIT_CONVERSION = YES;
				GCC_WARN_ABOUT_RETURN_TYPE = YES_ERROR;
				GCC_WARN_UNDECLARED_SELECTOR = YES;
				GCC_WARN_UNINITIALIZED_AUTOS = YES_AGGRESSIVE;
				GCC_WARN_UNUSED_FUNCTION = YES;
				GCC_WARN_UNUSED_VARIABLE = YES;
				IPHONEOS_DEPLOYMENT_TARGET = 16.2;
				MTL_ENABLE_DEBUG_INFO = INCLUDE_SOURCE;
				MTL_FAST_MATH = YES;
				ONLY_ACTIVE_ARCH = YES;
				SDKROOT = iphoneos;
				SWIFT_ACTIVE_COMPILATION_CONDITIONS = DEBUG;
				SWIFT_OPTIMIZATION_LEVEL = "-Onone";
			};
			name = Debug;
		};
		99BE4AD929AABCDE00441BDA /* Release */ = {
			isa = XCBuildConfiguration;
			buildSettings = {
				ALWAYS_SEARCH_USER_PATHS = NO;
				CLANG_ANALYZER_NONNULL = YES;
				CLANG_ANALYZER_NUMBER_OBJECT_CONVERSION = YES_AGGRESSIVE;
				CLANG_CXX_LANGUAGE_STANDARD = "gnu++20";
				CLANG_ENABLE_MODULES = YES;
				CLANG_ENABLE_OBJC_ARC = YES;
				CLANG_ENABLE_OBJC_WEAK = YES;
				CLANG_WARN_BLOCK_CAPTURE_AUTORELEASING = YES;
				CLANG_WARN_BOOL_CONVERSION = YES;
				CLANG_WARN_COMMA = YES;
				CLANG_WARN_CONSTANT_CONVERSION = YES;
				CLANG_WARN_DEPRECATED_OBJC_IMPLEMENTATIONS = YES;
				CLANG_WARN_DIRECT_OBJC_ISA_USAGE = YES_ERROR;
				CLANG_WARN_DOCUMENTATION_COMMENTS = YES;
				CLANG_WARN_EMPTY_BODY = YES;
				CLANG_WARN_ENUM_CONVERSION = YES;
				CLANG_WARN_INFINITE_RECURSION = YES;
				CLANG_WARN_INT_CONVERSION = YES;
				CLANG_WARN_NON_LITERAL_NULL_CONVERSION = YES;
				CLANG_WARN_OBJC_IMPLICIT_RETAIN_SELF = YES;
				CLANG_WARN_OBJC_LITERAL_CONVERSION = YES;
				CLANG_WARN_OBJC_ROOT_CLASS = YES_ERROR;
				CLANG_WARN_QUOTED_INCLUDE_IN_FRAMEWORK_HEADER = YES;
				CLANG_WARN_RANGE_LOOP_ANALYSIS = YES;
				CLANG_WARN_STRICT_PROTOTYPES = YES;
				CLANG_WARN_SUSPICIOUS_MOVE = YES;
				CLANG_WARN_UNGUARDED_AVAILABILITY = YES_AGGRESSIVE;
				CLANG_WARN_UNREACHABLE_CODE = YES;
				CLANG_WARN__DUPLICATE_METHOD_MATCH = YES;
				COPY_PHASE_STRIP = NO;
				DEBUG_INFORMATION_FORMAT = "dwarf-with-dsym";
				ENABLE_NS_ASSERTIONS = NO;
				ENABLE_STRICT_OBJC_MSGSEND = YES;
				GCC_C_LANGUAGE_STANDARD = gnu11;
				GCC_NO_COMMON_BLOCKS = YES;
				GCC_WARN_64_TO_32_BIT_CONVERSION = YES;
				GCC_WARN_ABOUT_RETURN_TYPE = YES_ERROR;
				GCC_WARN_UNDECLARED_SELECTOR = YES;
				GCC_WARN_UNINITIALIZED_AUTOS = YES_AGGRESSIVE;
				GCC_WARN_UNUSED_FUNCTION = YES;
				GCC_WARN_UNUSED_VARIABLE = YES;
				IPHONEOS_DEPLOYMENT_TARGET = 16.2;
				MTL_ENABLE_DEBUG_INFO = NO;
				MTL_FAST_MATH = YES;
				SDKROOT = iphoneos;
				SWIFT_COMPILATION_MODE = wholemodule;
				SWIFT_OPTIMIZATION_LEVEL = "-O";
				VALIDATE_PRODUCT = YES;
			};
			name = Release;
		};
		99BE4ADB29AABCDE00441BDA /* Debug */ = {
			isa = XCBuildConfiguration;
			buildSettings = {
				ASSETCATALOG_COMPILER_APPICON_NAME = AppIcon;
				ASSETCATALOG_COMPILER_GLOBAL_ACCENT_COLOR_NAME = AccentColor;
				CODE_SIGN_STYLE = Automatic;
				CURRENT_PROJECT_VERSION = 1;
				DEVELOPMENT_ASSET_PATHS = "\"AgileRobot/Preview Content\"";
				DEVELOPMENT_TEAM = 5Q3CLN5Y6Q;
				ENABLE_PREVIEWS = YES;
				GENERATE_INFOPLIST_FILE = YES;
				INFOPLIST_KEY_UIApplicationSceneManifest_Generation = YES;
				INFOPLIST_KEY_UIApplicationSupportsIndirectInputEvents = YES;
				INFOPLIST_KEY_UILaunchScreen_Generation = YES;
				INFOPLIST_KEY_UISupportedInterfaceOrientations_iPad = "UIInterfaceOrientationPortrait UIInterfaceOrientationPortraitUpsideDown UIInterfaceOrientationLandscapeLeft UIInterfaceOrientationLandscapeRight";
				INFOPLIST_KEY_UISupportedInterfaceOrientations_iPhone = "UIInterfaceOrientationPortrait UIInterfaceOrientationLandscapeLeft UIInterfaceOrientationLandscapeRight";
				LD_RUNPATH_SEARCH_PATHS = (
					"$(inherited)",
					"@executable_path/Frameworks",
				);
				MARKETING_VERSION = 1.0;
				PRODUCT_BUNDLE_IDENTIFIER = FullMetalFistApps.AgileRobot;
				PRODUCT_NAME = "$(TARGET_NAME)";
				SWIFT_EMIT_LOC_STRINGS = YES;
				SWIFT_VERSION = 5.0;
				TARGETED_DEVICE_FAMILY = "1,2";
			};
			name = Debug;
		};
		99BE4ADC29AABCDE00441BDA /* Release */ = {
			isa = XCBuildConfiguration;
			buildSettings = {
				ASSETCATALOG_COMPILER_APPICON_NAME = AppIcon;
				ASSETCATALOG_COMPILER_GLOBAL_ACCENT_COLOR_NAME = AccentColor;
				CODE_SIGN_STYLE = Automatic;
				CURRENT_PROJECT_VERSION = 1;
				DEVELOPMENT_ASSET_PATHS = "\"AgileRobot/Preview Content\"";
				DEVELOPMENT_TEAM = 5Q3CLN5Y6Q;
				ENABLE_PREVIEWS = YES;
				GENERATE_INFOPLIST_FILE = YES;
				INFOPLIST_KEY_UIApplicationSceneManifest_Generation = YES;
				INFOPLIST_KEY_UIApplicationSupportsIndirectInputEvents = YES;
				INFOPLIST_KEY_UILaunchScreen_Generation = YES;
				INFOPLIST_KEY_UISupportedInterfaceOrientations_iPad = "UIInterfaceOrientationPortrait UIInterfaceOrientationPortraitUpsideDown UIInterfaceOrientationLandscapeLeft UIInterfaceOrientationLandscapeRight";
				INFOPLIST_KEY_UISupportedInterfaceOrientations_iPhone = "UIInterfaceOrientationPortrait UIInterfaceOrientationLandscapeLeft UIInterfaceOrientationLandscapeRight";
				LD_RUNPATH_SEARCH_PATHS = (
					"$(inherited)",
					"@executable_path/Frameworks",
				);
				MARKETING_VERSION = 1.0;
				PRODUCT_BUNDLE_IDENTIFIER = FullMetalFistApps.AgileRobot;
				PRODUCT_NAME = "$(TARGET_NAME)";
				SWIFT_EMIT_LOC_STRINGS = YES;
				SWIFT_VERSION = 5.0;
				TARGETED_DEVICE_FAMILY = "1,2";
			};
			name = Release;
		};
		99BE4ADE29AABCDE00441BDA /* Debug */ = {
			isa = XCBuildConfiguration;
			buildSettings = {
				ALWAYS_EMBED_SWIFT_STANDARD_LIBRARIES = YES;
				BUNDLE_LOADER = "$(TEST_HOST)";
				CODE_SIGN_STYLE = Automatic;
				CURRENT_PROJECT_VERSION = 1;
				DEVELOPMENT_TEAM = 5Q3CLN5Y6Q;
				GENERATE_INFOPLIST_FILE = YES;
				IPHONEOS_DEPLOYMENT_TARGET = 16.2;
				MARKETING_VERSION = 1.0;
				PRODUCT_BUNDLE_IDENTIFIER = FullMetalFistApps.AgileRobotTests;
				PRODUCT_NAME = "$(TARGET_NAME)";
				SWIFT_EMIT_LOC_STRINGS = NO;
				SWIFT_VERSION = 5.0;
				TARGETED_DEVICE_FAMILY = "1,2";
				TEST_HOST = "$(BUILT_PRODUCTS_DIR)/AgileRobot.app/$(BUNDLE_EXECUTABLE_FOLDER_PATH)/AgileRobot";
			};
			name = Debug;
		};
		99BE4ADF29AABCDE00441BDA /* Release */ = {
			isa = XCBuildConfiguration;
			buildSettings = {
				ALWAYS_EMBED_SWIFT_STANDARD_LIBRARIES = YES;
				BUNDLE_LOADER = "$(TEST_HOST)";
				CODE_SIGN_STYLE = Automatic;
				CURRENT_PROJECT_VERSION = 1;
				DEVELOPMENT_TEAM = 5Q3CLN5Y6Q;
				GENERATE_INFOPLIST_FILE = YES;
				IPHONEOS_DEPLOYMENT_TARGET = 16.2;
				MARKETING_VERSION = 1.0;
				PRODUCT_BUNDLE_IDENTIFIER = FullMetalFistApps.AgileRobotTests;
				PRODUCT_NAME = "$(TARGET_NAME)";
				SWIFT_EMIT_LOC_STRINGS = NO;
				SWIFT_VERSION = 5.0;
				TARGETED_DEVICE_FAMILY = "1,2";
				TEST_HOST = "$(BUILT_PRODUCTS_DIR)/AgileRobot.app/$(BUNDLE_EXECUTABLE_FOLDER_PATH)/AgileRobot";
			};
			name = Release;
		};
		99BE4AE129AABCDE00441BDA /* Debug */ = {
			isa = XCBuildConfiguration;
			buildSettings = {
				ALWAYS_EMBED_SWIFT_STANDARD_LIBRARIES = YES;
				CODE_SIGN_STYLE = Automatic;
				CURRENT_PROJECT_VERSION = 1;
				DEVELOPMENT_TEAM = 5Q3CLN5Y6Q;
				GENERATE_INFOPLIST_FILE = YES;
				MARKETING_VERSION = 1.0;
				PRODUCT_BUNDLE_IDENTIFIER = FullMetalFistApps.AgileRobotUITests;
				PRODUCT_NAME = "$(TARGET_NAME)";
				SWIFT_EMIT_LOC_STRINGS = NO;
				SWIFT_VERSION = 5.0;
				TARGETED_DEVICE_FAMILY = "1,2";
				TEST_TARGET_NAME = AgileRobot;
			};
			name = Debug;
		};
		99BE4AE229AABCDE00441BDA /* Release */ = {
			isa = XCBuildConfiguration;
			buildSettings = {
				ALWAYS_EMBED_SWIFT_STANDARD_LIBRARIES = YES;
				CODE_SIGN_STYLE = Automatic;
				CURRENT_PROJECT_VERSION = 1;
				DEVELOPMENT_TEAM = 5Q3CLN5Y6Q;
				GENERATE_INFOPLIST_FILE = YES;
				MARKETING_VERSION = 1.0;
				PRODUCT_BUNDLE_IDENTIFIER = FullMetalFistApps.AgileRobotUITests;
				PRODUCT_NAME = "$(TARGET_NAME)";
				SWIFT_EMIT_LOC_STRINGS = NO;
				SWIFT_VERSION = 5.0;
				TARGETED_DEVICE_FAMILY = "1,2";
				TEST_TARGET_NAME = AgileRobot;
			};
			name = Release;
		};
/* End XCBuildConfiguration section */

/* Begin XCConfigurationList section */
		99BE4AB129AABCDD00441BDA /* Build configuration list for PBXProject "AgileRobot" */ = {
			isa = XCConfigurationList;
			buildConfigurations = (
				99BE4AD829AABCDE00441BDA /* Debug */,
				99BE4AD929AABCDE00441BDA /* Release */,
			);
			defaultConfigurationIsVisible = 0;
			defaultConfigurationName = Release;
		};
		99BE4ADA29AABCDE00441BDA /* Build configuration list for PBXNativeTarget "AgileRobot" */ = {
			isa = XCConfigurationList;
			buildConfigurations = (
				99BE4ADB29AABCDE00441BDA /* Debug */,
				99BE4ADC29AABCDE00441BDA /* Release */,
			);
			defaultConfigurationIsVisible = 0;
			defaultConfigurationName = Release;
		};
		99BE4ADD29AABCDE00441BDA /* Build configuration list for PBXNativeTarget "AgileRobotTests" */ = {
			isa = XCConfigurationList;
			buildConfigurations = (
				99BE4ADE29AABCDE00441BDA /* Debug */,
				99BE4ADF29AABCDE00441BDA /* Release */,
			);
			defaultConfigurationIsVisible = 0;
			defaultConfigurationName = Release;
		};
		99BE4AE029AABCDE00441BDA /* Build configuration list for PBXNativeTarget "AgileRobotUITests" */ = {
			isa = XCConfigurationList;
			buildConfigurations = (
				99BE4AE129AABCDE00441BDA /* Debug */,
				99BE4AE229AABCDE00441BDA /* Release */,
			);
			defaultConfigurationIsVisible = 0;
			defaultConfigurationName = Release;
		};
/* End XCConfigurationList section */
	};
	rootObject = 99BE4AAE29AABCDD00441BDA /* Project object */;
}
